{
  "name": "dex-demo-embedded-openapi",
  "version": "1.0.0",
  "lockfileVersion": 1,
  "requires": true,
  "dependencies": {
    "swagger-nodegen-cli": {
      "version": "3.0.8",
      "resolved": "https://registry.npmjs.org/swagger-nodegen-cli/-/swagger-nodegen-cli-3.0.8.tgz",
      "integrity": "sha512-1TSeacvy1R5RlAvCIh1toIclJh51oCoQKBMSwie+5CMFc7A/VE097b7ApnUVl5JFE00bXvH96ucPtMuLq2whFg=="
    }
  }
}
